
Microsoft Visual Studio Solution File, Format Version 12.00
# Visual Studio 15
VisualStudioVersion = 15.0.28307.1082
MinimumVisualStudioVersion = 10.0.40219.1
Project("{FAE04EC0-301F-11D3-BF4B-00C04F79EFBC}") = "BaiDuTranslate20T", "WindowsFormsApp1\BaiDuTranslate20T.csproj", "{4382F233-4DF3-4797-9BFA-60626128520B}"
EndProject
Global
	GlobalSection(SolutionConfigurationPlatforms) = preSolution
		Debug|Any CPU = Debug|Any CPU
		Release|Any CPU = Release|Any CPU
	EndGlobalSection
	GlobalSection(ProjectConfigurationPlatforms) = postSolution
		{4382F233-4DF3-4797-9BFA-60626128520B}.Debug|Any CPU.ActiveCfg = Debug|Any CPU
		{4382F233-4DF3-4797-9BFA-60626128520B}.Debug|Any CPU.Build.0 = Debug|Any CPU
		{4382F233-4DF3-4797-9BFA-60626128520B}.Release|Any CPU.ActiveCfg = Release|Any CPU
		{4382F233-4DF3-4797-9BFA-60626128520B}.Release|Any CPU.Build.0 = Release|Any CPU
	EndGlobalSection
	GlobalSection(SolutionProperties) = preSolution
		HideSolutionNode = FALSE
	EndGlobalSection
	GlobalSection(ExtensibilityGlobals) = postSolution
		SolutionGuid = {6BE75732-4173-47F9-9E41-370831D18EA0}
	EndGlobalSection
EndGlobal
